
Microsoft Visual Studio Solution File, Format Version 12.00
# Visual Studio Version 16
VisualStudioVersion = 16.0.31729.503
MinimumVisualStudioVersion = 10.0.40219.1
Project("{FAE04EC0-301F-11D3-BF4B-00C04F79EFBC}") = "simulacion_del_horno", "simulacion_del_horno.csproj", "{0C094B4C-D199-409C-9E63-69A16EE99960}"
EndProject
Global
	GlobalSection(SolutionConfigurationPlatforms) = preSolution
		Debug|Any CPU = Debug|Any CPU
		Release|Any CPU = Release|Any CPU
	EndGlobalSection
	GlobalSection(ProjectConfigurationPlatforms) = postSolution
		{0C094B4C-D199-409C-9E63-69A16EE99960}.Debug|Any CPU.ActiveCfg = Debug|Any CPU
		{0C094B4C-D199-409C-9E63-69A16EE99960}.Debug|Any CPU.Build.0 = Debug|Any CPU
		{0C094B4C-D199-409C-9E63-69A16EE99960}.Release|Any CPU.ActiveCfg = Release|Any CPU
		{0C094B4C-D199-409C-9E63-69A16EE99960}.Release|Any CPU.Build.0 = Release|Any CPU
	EndGlobalSection
	GlobalSection(SolutionProperties) = preSolution
		HideSolutionNode = FALSE
	EndGlobalSection
	GlobalSection(ExtensibilityGlobals) = postSolution
		SolutionGuid = {6362B632-91B2-4264-AF08-D5E4849365FC}
	EndGlobalSection
EndGlobal
